
Microsoft Visual Studio Solution File, Format Version 12.00
# Visual Studio Version 16
VisualStudioVersion = 16.0.31129.286
MinimumVisualStudioVersion = 10.0.40219.1
Project("{9A19103F-16F7-4668-BE54-9A1E7A4F7556}") = "HelloApp", "HelloApp\HelloApp.csproj", "{55A5CC86-93D8-4E1B-9CA5-866A34573A8A}"
EndProject
Project("{FAE04EC0-301F-11D3-BF4B-00C04F79EFBC}") = "ChatServer", "..\..\..\..\..\ChatTCP\Chat\ChatTCP\ChatServer\ChatServer.csproj", "{AFEB9682-BC85-413C-A30B-CE9A12FE73C2}"
EndProject
Global
	GlobalSection(SolutionConfigurationPlatforms) = preSolution
		Debug|Any CPU = Debug|Any CPU
		Release|Any CPU = Release|Any CPU
	EndGlobalSection
	GlobalSection(ProjectConfigurationPlatforms) = postSolution
		{55A5CC86-93D8-4E1B-9CA5-866A34573A8A}.Debug|Any CPU.ActiveCfg = Debug|Any CPU
		{55A5CC86-93D8-4E1B-9CA5-866A34573A8A}.Debug|Any CPU.Build.0 = Debug|Any CPU
		{55A5CC86-93D8-4E1B-9CA5-866A34573A8A}.Release|Any CPU.ActiveCfg = Release|Any CPU
		{55A5CC86-93D8-4E1B-9CA5-866A34573A8A}.Release|Any CPU.Build.0 = Release|Any CPU
		{AFEB9682-BC85-413C-A30B-CE9A12FE73C2}.Debug|Any CPU.ActiveCfg = Debug|Any CPU
		{AFEB9682-BC85-413C-A30B-CE9A12FE73C2}.Debug|Any CPU.Build.0 = Debug|Any CPU
		{AFEB9682-BC85-413C-A30B-CE9A12FE73C2}.Release|Any CPU.ActiveCfg = Release|Any CPU
		{AFEB9682-BC85-413C-A30B-CE9A12FE73C2}.Release|Any CPU.Build.0 = Release|Any CPU
	EndGlobalSection
	GlobalSection(SolutionProperties) = preSolution
		HideSolutionNode = FALSE
	EndGlobalSection
	GlobalSection(ExtensibilityGlobals) = postSolution
		SolutionGuid = {E87CE2AC-AD56-4CEA-B400-4032F0F948F6}
	EndGlobalSection
EndGlobal
